
Microsoft Visual Studio Solution File, Format Version 12.00
# Visual Studio Version 16
VisualStudioVersion = 16.0.31911.196
MinimumVisualStudioVersion = 10.0.40219.1
Project("{FAE04EC0-301F-11D3-BF4B-00C04F79EFBC}") = "lab3a", "lab3a.csproj", "{0E4CD2B1-D355-45F2-BF5B-C054F194887A}"
EndProject
Global
	GlobalSection(SolutionConfigurationPlatforms) = preSolution
		Debug|Any CPU = Debug|Any CPU
		Release|Any CPU = Release|Any CPU
	EndGlobalSection
	GlobalSection(ProjectConfigurationPlatforms) = postSolution
		{0E4CD2B1-D355-45F2-BF5B-C054F194887A}.Debug|Any CPU.ActiveCfg = Debug|Any CPU
		{0E4CD2B1-D355-45F2-BF5B-C054F194887A}.Debug|Any CPU.Build.0 = Debug|Any CPU
		{0E4CD2B1-D355-45F2-BF5B-C054F194887A}.Release|Any CPU.ActiveCfg = Release|Any CPU
		{0E4CD2B1-D355-45F2-BF5B-C054F194887A}.Release|Any CPU.Build.0 = Release|Any CPU
	EndGlobalSection
	GlobalSection(SolutionProperties) = preSolution
		HideSolutionNode = FALSE
	EndGlobalSection
	GlobalSection(ExtensibilityGlobals) = postSolution
		SolutionGuid = {C68E10A3-8CD7-4FD9-BA16-8A1A643DE3BF}
	EndGlobalSection
EndGlobal
